// !$*UTF8*$!
{
	archiveVersion = 1;
	classes = {
	};
	objectVersion = 46;
	objects = {

/* Begin PBXBuildFile section */
		CEEB69501BEE7318001EDC68 /* CreditCard.swift in Sources */ = {isa = PBXBuildFile; fileRef = CEEB694F1BEE7318001EDC68 /* CreditCard.swift */; };
		CEEB6A1B1BEE7A39001EDC68 /* Alamofire.framework in Frameworks */ = {isa = PBXBuildFile; fileRef = CEEB6A0E1BEE79C4001EDC68 /* Alamofire.framework */; };
		CEEB6A1C1BEE7A39001EDC68 /* Alamofire.framework in Embed Frameworks */ = {isa = PBXBuildFile; fileRef = CEEB6A0E1BEE79C4001EDC68 /* Alamofire.framework */; settings = {ATTRIBUTES = (CodeSignOnCopy, RemoveHeadersOnCopy, ); }; };
		CEEB6A211BEEA29F001EDC68 /* EditCardViewController.swift in Sources */ = {isa = PBXBuildFile; fileRef = CEEB6A201BEEA29F001EDC68 /* EditCardViewController.swift */; };
		CEECE7E41BEDAF0900C5D581 /* AppDelegate.swift in Sources */ = {isa = PBXBuildFile; fileRef = CEECE7E31BEDAF0900C5D581 /* AppDelegate.swift */; };
		CEECE7E61BEDAF0900C5D581 /* CardsViewController.swift in Sources */ = {isa = PBXBuildFile; fileRef = CEECE7E51BEDAF0900C5D581 /* CardsViewController.swift */; };
		CEECE7E81BEDAF0900C5D581 /* SecondViewController.swift in Sources */ = {isa = PBXBuildFile; fileRef = CEECE7E71BEDAF0900C5D581 /* SecondViewController.swift */; };
		CEECE7EB1BEDAF0A00C5D581 /* Main.storyboard in Resources */ = {isa = PBXBuildFile; fileRef = CEECE7E91BEDAF0A00C5D581 /* Main.storyboard */; };
		CEECE7ED1BEDAF0A00C5D581 /* Assets.xcassets in Resources */ = {isa = PBXBuildFile; fileRef = CEECE7EC1BEDAF0A00C5D581 /* Assets.xcassets */; };
		CEECE7F01BEDAF0A00C5D581 /* LaunchScreen.storyboard in Resources */ = {isa = PBXBuildFile; fileRef = CEECE7EE1BEDAF0A00C5D581 /* LaunchScreen.storyboard */; };
		CEECE7FB1BEDAF0A00C5D581 /* FingTechTests.swift in Sources */ = {isa = PBXBuildFile; fileRef = CEECE7FA1BEDAF0A00C5D581 /* FingTechTests.swift */; };
		CEECE8061BEDAF0A00C5D581 /* FingTechUITests.swift in Sources */ = {isa = PBXBuildFile; fileRef = CEECE8051BEDAF0A00C5D581 /* FingTechUITests.swift */; };
/* End PBXBuildFile section */

/* Begin PBXContainerItemProxy section */
		CEEB6A0D1BEE79C4001EDC68 /* PBXContainerItemProxy */ = {
			isa = PBXContainerItemProxy;
			containerPortal = CEEB6A031BEE79C4001EDC68 /* Alamofire.xcodeproj */;
			proxyType = 2;
			remoteGlobalIDString = F8111E3319A95C8B0040E7D1;
			remoteInfo = "Alamofire iOS";
		};
		CEEB6A0F1BEE79C4001EDC68 /* PBXContainerItemProxy */ = {
			isa = PBXContainerItemProxy;
			containerPortal = CEEB6A031BEE79C4001EDC68 /* Alamofire.xcodeproj */;
			proxyType = 2;
			remoteGlobalIDString = F8111E3E19A95C8B0040E7D1;
			remoteInfo = "Alamofire iOS Tests";
		};
		CEEB6A111BEE79C4001EDC68 /* PBXContainerItemProxy */ = {
			isa = PBXContainerItemProxy;
			containerPortal = CEEB6A031BEE79C4001EDC68 /* Alamofire.xcodeproj */;
			proxyType = 2;
			remoteGlobalIDString = 4DD67C0B1A5C55C900ED2280;
			remoteInfo = "Alamofire OSX";
		};
		CEEB6A131BEE79C4001EDC68 /* PBXContainerItemProxy */ = {
			isa = PBXContainerItemProxy;
			containerPortal = CEEB6A031BEE79C4001EDC68 /* Alamofire.xcodeproj */;
			proxyType = 2;
			remoteGlobalIDString = F829C6B21A7A94F100A2CD59;
			remoteInfo = "Alamofire OSX Tests";
		};
		CEEB6A151BEE79C4001EDC68 /* PBXContainerItemProxy */ = {
			isa = PBXContainerItemProxy;
			containerPortal = CEEB6A031BEE79C4001EDC68 /* Alamofire.xcodeproj */;
			proxyType = 2;
			remoteGlobalIDString = 4CF626EF1BA7CB3E0011A099;
			remoteInfo = "Alamofire tvOS";
		};
		CEEB6A171BEE79C4001EDC68 /* PBXContainerItemProxy */ = {
			isa = PBXContainerItemProxy;
			containerPortal = CEEB6A031BEE79C4001EDC68 /* Alamofire.xcodeproj */;
			proxyType = 2;
			remoteGlobalIDString = 4CF626F81BA7CB3E0011A099;
			remoteInfo = "Alamofire tvOS Tests";
		};
		CEEB6A191BEE79C4001EDC68 /* PBXContainerItemProxy */ = {
			isa = PBXContainerItemProxy;
			containerPortal = CEEB6A031BEE79C4001EDC68 /* Alamofire.xcodeproj */;
			proxyType = 2;
			remoteGlobalIDString = E4202FE01B667AA100C997FB;
			remoteInfo = "Alamofire watchOS";
		};
		CEEB6A1D1BEE7A39001EDC68 /* PBXContainerItemProxy */ = {
			isa = PBXContainerItemProxy;
			containerPortal = CEEB6A031BEE79C4001EDC68 /* Alamofire.xcodeproj */;
			proxyType = 1;
			remoteGlobalIDString = F8111E3219A95C8B0040E7D1;
			remoteInfo = "Alamofire iOS";
		};
		CEECE7F71BEDAF0A00C5D581 /* PBXContainerItemProxy */ = {
			isa = PBXContainerItemProxy;
			containerPortal = CEECE7D81BEDAF0900C5D581 /* Project object */;
			proxyType = 1;
			remoteGlobalIDString = CEECE7DF1BEDAF0900C5D581;
			remoteInfo = FingTech;
		};
		CEECE8021BEDAF0A00C5D581 /* PBXContainerItemProxy */ = {
			isa = PBXContainerItemProxy;
			containerPortal = CEECE7D81BEDAF0900C5D581 /* Project object */;
			proxyType = 1;
			remoteGlobalIDString = CEECE7DF1BEDAF0900C5D581;
			remoteInfo = FingTech;
		};
/* End PBXContainerItemProxy section */

/* Begin PBXCopyFilesBuildPhase section */
		CEEB6A1F1BEE7A39001EDC68 /* Embed Frameworks */ = {
			isa = PBXCopyFilesBuildPhase;
			buildActionMask = 2147483647;
			dstPath = "";
			dstSubfolderSpec = 10;
			files = (
				CEEB6A1C1BEE7A39001EDC68 /* Alamofire.framework in Embed Frameworks */,
			);
			name = "Embed Frameworks";
			runOnlyForDeploymentPostprocessing = 0;
		};
/* End PBXCopyFilesBuildPhase section */

/* Begin PBXFileReference section */
		CEEB694F1BEE7318001EDC68 /* CreditCard.swift */ = {isa = PBXFileReference; fileEncoding = 4; lastKnownFileType = sourcecode.swift; path = CreditCard.swift; sourceTree = "<group>"; };
		CEEB6A031BEE79C4001EDC68 /* Alamofire.xcodeproj */ = {isa = PBXFileReference; lastKnownFileType = "wrapper.pb-project"; name = Alamofire.xcodeproj; path = Alamofire/Alamofire.xcodeproj; sourceTree = "<group>"; };
		CEEB6A201BEEA29F001EDC68 /* EditCardViewController.swift */ = {isa = PBXFileReference; fileEncoding = 4; lastKnownFileType = sourcecode.swift; path = EditCardViewController.swift; sourceTree = "<group>"; };
		CEECE7E01BEDAF0900C5D581 /* FingTech.app */ = {isa = PBXFileReference; explicitFileType = wrapper.application; includeInIndex = 0; path = FingTech.app; sourceTree = BUILT_PRODUCTS_DIR; };
		CEECE7E31BEDAF0900C5D581 /* AppDelegate.swift */ = {isa = PBXFileReference; lastKnownFileType = sourcecode.swift; path = AppDelegate.swift; sourceTree = "<group>"; };
		CEECE7E51BEDAF0900C5D581 /* CardsViewController.swift */ = {isa = PBXFileReference; lastKnownFileType = sourcecode.swift; path = CardsViewController.swift; sourceTree = "<group>"; };
		CEECE7E71BEDAF0900C5D581 /* SecondViewController.swift */ = {isa = PBXFileReference; lastKnownFileType = sourcecode.swift; path = SecondViewController.swift; sourceTree = "<group>"; };
		CEECE7EA1BEDAF0A00C5D581 /* Base */ = {isa = PBXFileReference; lastKnownFileType = file.storyboard; name = Base; path = Base.lproj/Main.storyboard; sourceTree = "<group>"; };
		CEECE7EC1BEDAF0A00C5D581 /* Assets.xcassets */ = {isa = PBXFileReference; lastKnownFileType = folder.assetcatalog; path = Assets.xcassets; sourceTree = "<group>"; };
		CEECE7EF1BEDAF0A00C5D581 /* Base */ = {isa = PBXFileReference; lastKnownFileType = file.storyboard; name = Base; path = Base.lproj/LaunchScreen.storyboard; sourceTree = "<group>"; };
		CEECE7F11BEDAF0A00C5D581 /* Info.plist */ = {isa = PBXFileReference; lastKnownFileType = text.plist.xml; path = Info.plist; sourceTree = "<group>"; };
		CEECE7F61BEDAF0A00C5D581 /* FingTechTests.xctest */ = {isa = PBXFileReference; explicitFileType = wrapper.cfbundle; includeInIndex = 0; path = FingTechTests.xctest; sourceTree = BUILT_PRODUCTS_DIR; };
		CEECE7FA1BEDAF0A00C5D581 /* FingTechTests.swift */ = {isa = PBXFileReference; lastKnownFileType = sourcecode.swift; path = FingTechTests.swift; sourceTree = "<group>"; };
		CEECE7FC1BEDAF0A00C5D581 /* Info.plist */ = {isa = PBXFileReference; lastKnownFileType = text.plist.xml; path = Info.plist; sourceTree = "<group>"; };
		CEECE8011BEDAF0A00C5D581 /* FingTechUITests.xctest */ = {isa = PBXFileReference; explicitFileType = wrapper.cfbundle; includeInIndex = 0; path = FingTechUITests.xctest; sourceTree = BUILT_PRODUCTS_DIR; };
		CEECE8051BEDAF0A00C5D581 /* FingTechUITests.swift */ = {isa = PBXFileReference; lastKnownFileType = sourcecode.swift; path = FingTechUITests.swift; sourceTree = "<group>"; };
		CEECE8071BEDAF0A00C5D581 /* Info.plist */ = {isa = PBXFileReference; lastKnownFileType = text.plist.xml; path = Info.plist; sourceTree = "<group>"; };
/* End PBXFileReference section */

/* Begin PBXFrameworksBuildPhase section */
		CEECE7DD1BEDAF0900C5D581 /* Frameworks */ = {
			isa = PBXFrameworksBuildPhase;
			buildActionMask = 2147483647;
			files = (
				CEEB6A1B1BEE7A39001EDC68 /* Alamofire.framework in Frameworks */,
			);
			runOnlyForDeploymentPostprocessing = 0;
		};
		CEECE7F31BEDAF0A00C5D581 /* Frameworks */ = {
			isa = PBXFrameworksBuildPhase;
			buildActionMask = 2147483647;
			files = (
			);
			runOnlyForDeploymentPostprocessing = 0;
		};
		CEECE7FE1BEDAF0A00C5D581 /* Frameworks */ = {
			isa = PBXFrameworksBuildPhase;
			buildActionMask = 2147483647;
			files = (
			);
			runOnlyForDeploymentPostprocessing = 0;
		};
/* End PBXFrameworksBuildPhase section */

/* Begin PBXGroup section */
		CEEB6A041BEE79C4001EDC68 /* Products */ = {
			isa = PBXGroup;
			children = (
				CEEB6A0E1BEE79C4001EDC68 /* Alamofire.framework */,
				CEEB6A101BEE79C4001EDC68 /* Alamofire iOS Tests.xctest */,
				CEEB6A121BEE79C4001EDC68 /* Alamofire.framework */,
				CEEB6A141BEE79C4001EDC68 /* Alamofire OSX Tests.xctest */,
				CEEB6A161BEE79C4001EDC68 /* Alamofire.framework */,
				CEEB6A181BEE79C4001EDC68 /* Alamofire tvOS Tests.xctest */,
				CEEB6A1A1BEE79C4001EDC68 /* Alamofire.framework */,
			);
			name = Products;
			sourceTree = "<group>";
		};
		CEECE7D71BEDAF0900C5D581 = {
			isa = PBXGroup;
			children = (
				CEECE7E21BEDAF0900C5D581 /* FingTech */,
				CEECE7F91BEDAF0A00C5D581 /* FingTechTests */,
				CEECE8041BEDAF0A00C5D581 /* FingTechUITests */,
				CEECE7E11BEDAF0900C5D581 /* Products */,
				CEEB6A031BEE79C4001EDC68 /* Alamofire.xcodeproj */,
			);
			sourceTree = "<group>";
		};
		CEECE7E11BEDAF0900C5D581 /* Products */ = {
			isa = PBXGroup;
			children = (
				CEECE7E01BEDAF0900C5D581 /* FingTech.app */,
				CEECE7F61BEDAF0A00C5D581 /* FingTechTests.xctest */,
				CEECE8011BEDAF0A00C5D581 /* FingTechUITests.xctest */,
			);
			name = Products;
			sourceTree = "<group>";
		};
		CEECE7E21BEDAF0900C5D581 /* FingTech */ = {
			isa = PBXGroup;
			children = (
				CEECE7E31BEDAF0900C5D581 /* AppDelegate.swift */,
				CEECE7E51BEDAF0900C5D581 /* CardsViewController.swift */,
				CEECE7E71BEDAF0900C5D581 /* SecondViewController.swift */,
				CEECE7E91BEDAF0A00C5D581 /* Main.storyboard */,
				CEECE7EC1BEDAF0A00C5D581 /* Assets.xcassets */,
				CEECE7EE1BEDAF0A00C5D581 /* LaunchScreen.storyboard */,
				CEECE7F11BEDAF0A00C5D581 /* Info.plist */,
				CEEB694F1BEE7318001EDC68 /* CreditCard.swift */,
				CEEB6A201BEEA29F001EDC68 /* EditCardViewController.swift */,
			);
			path = FingTech;
			sourceTree = "<group>";
		};
		CEECE7F91BEDAF0A00C5D581 /* FingTechTests */ = {
			isa = PBXGroup;
			children = (
				CEECE7FA1BEDAF0A00C5D581 /* FingTechTests.swift */,
				CEECE7FC1BEDAF0A00C5D581 /* Info.plist */,
			);
			path = FingTechTests;
			sourceTree = "<group>";
		};
		CEECE8041BEDAF0A00C5D581 /* FingTechUITests */ = {
			isa = PBXGroup;
			children = (
				CEECE8051BEDAF0A00C5D581 /* FingTechUITests.swift */,
				CEECE8071BEDAF0A00C5D581 /* Info.plist */,
			);
			path = FingTechUITests;
			sourceTree = "<group>";
		};
/* End PBXGroup section */

/* Begin PBXNativeTarget section */
		CEECE7DF1BEDAF0900C5D581 /* FingTech */ = {
			isa = PBXNativeTarget;
			buildConfigurationList = CEECE80A1BEDAF0A00C5D581 /* Build configuration list for PBXNativeTarget "FingTech" */;
			buildPhases = (
				CEECE7DC1BEDAF0900C5D581 /* Sources */,
				CEECE7DD1BEDAF0900C5D581 /* Frameworks */,
				CEECE7DE1BEDAF0900C5D581 /* Resources */,
				CEEB6A1F1BEE7A39001EDC68 /* Embed Frameworks */,
			);
			buildRules = (
			);
			dependencies = (
				CEEB6A1E1BEE7A39001EDC68 /* PBXTargetDependency */,
			);
			name = FingTech;
			productName = FingTech;
			productReference = CEECE7E01BEDAF0900C5D581 /* FingTech.app */;
			productType = "com.apple.product-type.application";
		};
		CEECE7F51BEDAF0A00C5D581 /* FingTechTests */ = {
			isa = PBXNativeTarget;
			buildConfigurationList = CEECE80D1BEDAF0A00C5D581 /* Build configuration list for PBXNativeTarget "FingTechTests" */;
			buildPhases = (
				CEECE7F21BEDAF0A00C5D581 /* Sources */,
				CEECE7F31BEDAF0A00C5D581 /* Frameworks */,
				CEECE7F41BEDAF0A00C5D581 /* Resources */,
			);
			buildRules = (
			);
			dependencies = (
				CEECE7F81BEDAF0A00C5D581 /* PBXTargetDependency */,
			);
			name = FingTechTests;
			productName = FingTechTests;
			productReference = CEECE7F61BEDAF0A00C5D581 /* FingTechTests.xctest */;
			productType = "com.apple.product-type.bundle.unit-test";
		};
		CEECE8001BEDAF0A00C5D581 /* FingTechUITests */ = {
			isa = PBXNativeTarget;
			buildConfigurationList = CEECE8101BEDAF0A00C5D581 /* Build configuration list for PBXNativeTarget "FingTechUITests" */;
			buildPhases = (
				CEECE7FD1BEDAF0A00C5D581 /* Sources */,
				CEECE7FE1BEDAF0A00C5D581 /* Frameworks */,
				CEECE7FF1BEDAF0A00C5D581 /* Resources */,
			);
			buildRules = (
			);
			dependencies = (
				CEECE8031BEDAF0A00C5D581 /* PBXTargetDependency */,
			);
			name = FingTechUITests;
			productName = FingTechUITests;
			productReference = CEECE8011BEDAF0A00C5D581 /* FingTechUITests.xctest */;
			productType = "com.apple.product-type.bundle.ui-testing";
		};
/* End PBXNativeTarget section */

/* Begin PBXProject section */
		CEECE7D81BEDAF0900C5D581 /* Project object */ = {
			isa = PBXProject;
			attributes = {
				LastSwiftUpdateCheck = 0710;
				LastUpgradeCheck = 0710;
				ORGANIZATIONNAME = fixd;
				TargetAttributes = {
					CEECE7DF1BEDAF0900C5D581 = {
						CreatedOnToolsVersion = 7.1;
					};
					CEECE7F51BEDAF0A00C5D581 = {
						CreatedOnToolsVersion = 7.1;
						TestTargetID = CEECE7DF1BEDAF0900C5D581;
					};
					CEECE8001BEDAF0A00C5D581 = {
						CreatedOnToolsVersion = 7.1;
						TestTargetID = CEECE7DF1BEDAF0900C5D581;
					};
				};
			};
			buildConfigurationList = CEECE7DB1BEDAF0900C5D581 /* Build configuration list for PBXProject "FingTech" */;
			compatibilityVersion = "Xcode 3.2";
			developmentRegion = English;
			hasScannedForEncodings = 0;
			knownRegions = (
				en,
				Base,
			);
			mainGroup = CEECE7D71BEDAF0900C5D581;
			productRefGroup = CEECE7E11BEDAF0900C5D581 /* Products */;
			projectDirPath = "";
			projectReferences = (
				{
					ProductGroup = CEEB6A041BEE79C4001EDC68 /* Products */;
					ProjectRef = CEEB6A031BEE79C4001EDC68 /* Alamofire.xcodeproj */;
				},
			);
			projectRoot = "";
			targets = (
				CEECE7DF1BEDAF0900C5D581 /* FingTech */,
				CEECE7F51BEDAF0A00C5D581 /* FingTechTests */,
				CEECE8001BEDAF0A00C5D581 /* FingTechUITests */,
			);
		};
/* End PBXProject section */

/* Begin PBXReferenceProxy section */
		CEEB6A0E1BEE79C4001EDC68 /* Alamofire.framework */ = {
			isa = PBXReferenceProxy;
			fileType = wrapper.framework;
			path = Alamofire.framework;
			remoteRef = CEEB6A0D1BEE79C4001EDC68 /* PBXContainerItemProxy */;
			sourceTree = BUILT_PRODUCTS_DIR;
		};
		CEEB6A101BEE79C4001EDC68 /* Alamofire iOS Tests.xctest */ = {
			isa = PBXReferenceProxy;
			fileType = wrapper.cfbundle;
			path = "Alamofire iOS Tests.xctest";
			remoteRef = CEEB6A0F1BEE79C4001EDC68 /* PBXContainerItemProxy */;
			sourceTree = BUILT_PRODUCTS_DIR;
		};
		CEEB6A121BEE79C4001EDC68 /* Alamofire.framework */ = {
			isa = PBXReferenceProxy;
			fileType = wrapper.framework;
			path = Alamofire.framework;
			remoteRef = CEEB6A111BEE79C4001EDC68 /* PBXContainerItemProxy */;
			sourceTree = BUILT_PRODUCTS_DIR;
		};
		CEEB6A141BEE79C4001EDC68 /* Alamofire OSX Tests.xctest */ = {
			isa = PBXReferenceProxy;
			fileType = wrapper.cfbundle;
			path = "Alamofire OSX Tests.xctest";
			remoteRef = CEEB6A131BEE79C4001EDC68 /* PBXContainerItemProxy */;
			sourceTree = BUILT_PRODUCTS_DIR;
		};
		CEEB6A161BEE79C4001EDC68 /* Alamofire.framework */ = {
			isa = PBXReferenceProxy;
			fileType = wrapper.framework;
			path = Alamofire.framework;
			remoteRef = CEEB6A151BEE79C4001EDC68 /* PBXContainerItemProxy */;
			sourceTree = BUILT_PRODUCTS_DIR;
		};
		CEEB6A181BEE79C4001EDC68 /* Alamofire tvOS Tests.xctest */ = {
			isa = PBXReferenceProxy;
			fileType = wrapper.cfbundle;
			path = "Alamofire tvOS Tests.xctest";
			remoteRef = CEEB6A171BEE79C4001EDC68 /* PBXContainerItemProxy */;
			sourceTree = BUILT_PRODUCTS_DIR;
		};
		CEEB6A1A1BEE79C4001EDC68 /* Alamofire.framework */ = {
			isa = PBXReferenceProxy;
			fileType = wrapper.framework;
			path = Alamofire.framework;
			remoteRef = CEEB6A191BEE79C4001EDC68 /* PBXContainerItemProxy */;
			sourceTree = BUILT_PRODUCTS_DIR;
		};
/* End PBXReferenceProxy section */

/* Begin PBXResourcesBuildPhase section */
		CEECE7DE1BEDAF0900C5D581 /* Resources */ = {
			isa = PBXResourcesBuildPhase;
			buildActionMask = 2147483647;
			files = (
				CEECE7F01BEDAF0A00C5D581 /* LaunchScreen.storyboard in Resources */,
				CEECE7ED1BEDAF0A00C5D581 /* Assets.xcassets in Resources */,
				CEECE7EB1BEDAF0A00C5D581 /* Main.storyboard in Resources */,
			);
			runOnlyForDeploymentPostprocessing = 0;
		};
		CEECE7F41BEDAF0A00C5D581 /* Resources */ = {
			isa = PBXResourcesBuildPhase;
			buildActionMask = 2147483647;
			files = (
			);
			runOnlyForDeploymentPostprocessing = 0;
		};
		CEECE7FF1BEDAF0A00C5D581 /* Resources */ = {
			isa = PBXResourcesBuildPhase;
			buildActionMask = 2147483647;
			files = (
			);
			runOnlyForDeploymentPostprocessing = 0;
		};
/* End PBXResourcesBuildPhase section */

/* Begin PBXSourcesBuildPhase section */
		CEECE7DC1BEDAF0900C5D581 /* Sources */ = {
			isa = PBXSourcesBuildPhase;
			buildActionMask = 2147483647;
			files = (
				CEEB69501BEE7318001EDC68 /* CreditCard.swift in Sources */,
				CEECE7E81BEDAF0900C5D581 /* SecondViewController.swift in Sources */,
				CEEB6A211BEEA29F001EDC68 /* EditCardViewController.swift in Sources */,
				CEECE7E41BEDAF0900C5D581 /* AppDelegate.swift in Sources */,
				CEECE7E61BEDAF0900C5D581 /* CardsViewController.swift in Sources */,
			);
			runOnlyForDeploymentPostprocessing = 0;
		};
		CEECE7F21BEDAF0A00C5D581 /* Sources */ = {
			isa = PBXSourcesBuildPhase;
			buildActionMask = 2147483647;
			files = (
				CEECE7FB1BEDAF0A00C5D581 /* FingTechTests.swift in Sources */,
			);
			runOnlyForDeploymentPostprocessing = 0;
		};
		CEECE7FD1BEDAF0A00C5D581 /* Sources */ = {
			isa = PBXSourcesBuildPhase;
			buildActionMask = 2147483647;
			files = (
				CEECE8061BEDAF0A00C5D581 /* FingTechUITests.swift in Sources */,
			);
			runOnlyForDeploymentPostprocessing = 0;
		};
/* End PBXSourcesBuildPhase section */

/* Begin PBXTargetDependency section */
		CEEB6A1E1BEE7A39001EDC68 /* PBXTargetDependency */ = {
			isa = PBXTargetDependency;
			name = "Alamofire iOS";
			targetProxy = CEEB6A1D1BEE7A39001EDC68 /* PBXContainerItemProxy */;
		};
		CEECE7F81BEDAF0A00C5D581 /* PBXTargetDependency */ = {
			isa = PBXTargetDependency;
			target = CEECE7DF1BEDAF0900C5D581 /* FingTech */;
			targetProxy = CEECE7F71BEDAF0A00C5D581 /* PBXContainerItemProxy */;
		};
		CEECE8031BEDAF0A00C5D581 /* PBXTargetDependency */ = {
			isa = PBXTargetDependency;
			target = CEECE7DF1BEDAF0900C5D581 /* FingTech */;
			targetProxy = CEECE8021BEDAF0A00C5D581 /* PBXContainerItemProxy */;
		};
/* End PBXTargetDependency section */

/* Begin PBXVariantGroup section */
		CEECE7E91BEDAF0A00C5D581 /* Main.storyboard */ = {
			isa = PBXVariantGroup;
			children = (
				CEECE7EA1BEDAF0A00C5D581 /* Base */,
			);
			name = Main.storyboard;
			sourceTree = "<group>";
		};
		CEECE7EE1BEDAF0A00C5D581 /* LaunchScreen.storyboard */ = {
			isa = PBXVariantGroup;
			children = (
				CEECE7EF1BEDAF0A00C5D581 /* Base */,
			);
			name = LaunchScreen.storyboard;
			sourceTree = "<group>";
		};
/* End PBXVariantGroup section */

/* Begin XCBuildConfiguration section */
		CEECE8081BEDAF0A00C5D581 /* Debug */ = {
			isa = XCBuildConfiguration;
			buildSettings = {
				ALWAYS_SEARCH_USER_PATHS = NO;
				CLANG_CXX_LANGUAGE_STANDARD = "gnu++0x";
				CLANG_CXX_LIBRARY = "libc++";
				CLANG_ENABLE_MODULES = YES;
				CLANG_ENABLE_OBJC_ARC = YES;
				CLANG_WARN_BOOL_CONVERSION = YES;
				CLANG_WARN_CONSTANT_CONVERSION = YES;
				CLANG_WARN_DIRECT_OBJC_ISA_USAGE = YES_ERROR;
				CLANG_WARN_EMPTY_BODY = YES;
				CLANG_WARN_ENUM_CONVERSION = YES;
				CLANG_WARN_INT_CONVERSION = YES;
				CLANG_WARN_OBJC_ROOT_CLASS = YES_ERROR;
				CLANG_WARN_UNREACHABLE_CODE = YES;
				CLANG_WARN__DUPLICATE_METHOD_MATCH = YES;
				"CODE_SIGN_IDENTITY[sdk=iphoneos*]" = "iPhone Developer";
				COPY_PHASE_STRIP = NO;
				DEBUG_INFORMATION_FORMAT = dwarf;
				ENABLE_STRICT_OBJC_MSGSEND = YES;
				ENABLE_TESTABILITY = YES;
				GCC_C_LANGUAGE_STANDARD = gnu99;
				GCC_DYNAMIC_NO_PIC = NO;
				GCC_NO_COMMON_BLOCKS = YES;
				GCC_OPTIMIZATION_LEVEL = 0;
				GCC_PREPROCESSOR_DEFINITIONS = (
					"DEBUG=1",
					"$(inherited)",
				);
				GCC_WARN_64_TO_32_BIT_CONVERSION = YES;
				GCC_WARN_ABOUT_RETURN_TYPE = YES_ERROR;
				GCC_WARN_UNDECLARED_SELECTOR = YES;
				GCC_WARN_UNINITIALIZED_AUTOS = YES_AGGRESSIVE;
				GCC_WARN_UNUSED_FUNCTION = YES;
				GCC_WARN_UNUSED_VARIABLE = YES;
				IPHONEOS_DEPLOYMENT_TARGET = 9.1;
				MTL_ENABLE_DEBUG_INFO = YES;
				ONLY_ACTIVE_ARCH = YES;
				SDKROOT = iphoneos;
				SWIFT_OPTIMIZATION_LEVEL = "-Onone";
				TARGETED_DEVICE_FAMILY = "1,2";
			};
			name = Debug;
		};
		CEECE8091BEDAF0A00C5D581 /* Release */ = {
			isa = XCBuildConfiguration;
			buildSettings = {
				ALWAYS_SEARCH_USER_PATHS = NO;
				CLANG_CXX_LANGUAGE_STANDARD = "gnu++0x";
				CLANG_CXX_LIBRARY = "libc++";
				CLANG_ENABLE_MODULES = YES;
				CLANG_ENABLE_OBJC_ARC = YES;
				CLANG_WARN_BOOL_CONVERSION = YES;
				CLANG_WARN_CONSTANT_CONVERSION = YES;
				CLANG_WARN_DIRECT_OBJC_ISA_USAGE = YES_ERROR;
				CLANG_WARN_EMPTY_BODY = YES;
				CLANG_WARN_ENUM_CONVERSION = YES;
				CLANG_WARN_INT_CONVERSION = YES;
				CLANG_WARN_OBJC_ROOT_CLASS = YES_ERROR;
				CLANG_WARN_UNREACHABLE_CODE = YES;
				CLANG_WARN__DUPLICATE_METHOD_MATCH = YES;
				"CODE_SIGN_IDENTITY[sdk=iphoneos*]" = "iPhone Developer";
				COPY_PHASE_STRIP = NO;
				DEBUG_INFORMATION_FORMAT = "dwarf-with-dsym";
				ENABLE_NS_ASSERTIONS = NO;
				ENABLE_STRICT_OBJC_MSGSEND = YES;
				GCC_C_LANGUAGE_STANDARD = gnu99;
				GCC_NO_COMMON_BLOCKS = YES;
				GCC_WARN_64_TO_32_BIT_CONVERSION = YES;
				GCC_WARN_ABOUT_RETURN_TYPE = YES_ERROR;
				GCC_WARN_UNDECLARED_SELECTOR = YES;
				GCC_WARN_UNINITIALIZED_AUTOS = YES_AGGRESSIVE;
				GCC_WARN_UNUSED_FUNCTION = YES;
				GCC_WARN_UNUSED_VARIABLE = YES;
				IPHONEOS_DEPLOYMENT_TARGET = 9.1;
				MTL_ENABLE_DEBUG_INFO = NO;
				SDKROOT = iphoneos;
				TARGETED_DEVICE_FAMILY = "1,2";
				VALIDATE_PRODUCT = YES;
			};
			name = Release;
		};
		CEECE80B1BEDAF0A00C5D581 /* Debug */ = {
			isa = XCBuildConfiguration;
			buildSettings = {
				ASSETCATALOG_COMPILER_APPICON_NAME = AppIcon;
				EMBEDDED_CONTENT_CONTAINS_SWIFT = YES;
				INFOPLIST_FILE = FingTech/Info.plist;
				LD_RUNPATH_SEARCH_PATHS = "$(inherited) @executable_path/Frameworks";
				PRODUCT_BUNDLE_IDENTIFIER = com.fixdapp.dev.FingTech;
				PRODUCT_NAME = "$(TARGET_NAME)";
			};
			name = Debug;
		};
		CEECE80C1BEDAF0A00C5D581 /* Release */ = {
			isa = XCBuildConfiguration;
			buildSettings = {
				ASSETCATALOG_COMPILER_APPICON_NAME = AppIcon;
				EMBEDDED_CONTENT_CONTAINS_SWIFT = YES;
				INFOPLIST_FILE = FingTech/Info.plist;
				LD_RUNPATH_SEARCH_PATHS = "$(inherited) @executable_path/Frameworks";
				PRODUCT_BUNDLE_IDENTIFIER = com.fixdapp.dev.FingTech;
				PRODUCT_NAME = "$(TARGET_NAME)";
			};
			name = Release;
		};
		CEECE80E1BEDAF0A00C5D581 /* Debug */ = {
			isa = XCBuildConfiguration;
			buildSettings = {
				BUNDLE_LOADER = "$(TEST_HOST)";
				INFOPLIST_FILE = FingTechTests/Info.plist;
				LD_RUNPATH_SEARCH_PATHS = "$(inherited) @executable_path/Frameworks @loader_path/Frameworks";
				PRODUCT_BUNDLE_IDENTIFIER = com.fixdapp.dev.FingTechTests;
				PRODUCT_NAME = "$(TARGET_NAME)";
				TEST_HOST = "$(BUILT_PRODUCTS_DIR)/FingTech.app/FingTech";
			};
			name = Debug;
		};
		CEECE80F1BEDAF0A00C5D581 /* Release */ = {
			isa = XCBuildConfiguration;
			buildSettings = {
				BUNDLE_LOADER = "$(TEST_HOST)";
				INFOPLIST_FILE = FingTechTests/Info.plist;
				LD_RUNPATH_SEARCH_PATHS = "$(inherited) @executable_path/Frameworks @loader_path/Frameworks";
				PRODUCT_BUNDLE_IDENTIFIER = com.fixdapp.dev.FingTechTests;
				PRODUCT_NAME = "$(TARGET_NAME)";
				TEST_HOST = "$(BUILT_PRODUCTS_DIR)/FingTech.app/FingTech";
			};
			name = Release;
		};
		CEECE8111BEDAF0A00C5D581 /* Debug */ = {
			isa = XCBuildConfiguration;
			buildSettings = {
				INFOPLIST_FILE = FingTechUITests/Info.plist;
				LD_RUNPATH_SEARCH_PATHS = "$(inherited) @executable_path/Frameworks @loader_path/Frameworks";
				PRODUCT_BUNDLE_IDENTIFIER = com.fixdapp.dev.FingTechUITests;
				PRODUCT_NAME = "$(TARGET_NAME)";
				TEST_TARGET_NAME = FingTech;
				USES_XCTRUNNER = YES;
			};
			name = Debug;
		};
		CEECE8121BEDAF0A00C5D581 /* Release */ = {
			isa = XCBuildConfiguration;
			buildSettings = {
				INFOPLIST_FILE = FingTechUITests/Info.plist;
				LD_RUNPATH_SEARCH_PATHS = "$(inherited) @executable_path/Frameworks @loader_path/Frameworks";
				PRODUCT_BUNDLE_IDENTIFIER = com.fixdapp.dev.FingTechUITests;
				PRODUCT_NAME = "$(TARGET_NAME)";
				TEST_TARGET_NAME = FingTech;
				USES_XCTRUNNER = YES;
			};
			name = Release;
		};
/* End XCBuildConfiguration section */

/* Begin XCConfigurationList section */
		CEECE7DB1BEDAF0900C5D581 /* Build configuration list for PBXProject "FingTech" */ = {
			isa = XCConfigurationList;
			buildConfigurations = (
				CEECE8081BEDAF0A00C5D581 /* Debug */,
				CEECE8091BEDAF0A00C5D581 /* Release */,
			);
			defaultConfigurationIsVisible = 0;
			defaultConfigurationName = Release;
		};
		CEECE80A1BEDAF0A00C5D581 /* Build configuration list for PBXNativeTarget "FingTech" */ = {
			isa = XCConfigurationList;
			buildConfigurations = (
				CEECE80B1BEDAF0A00C5D581 /* Debug */,
				CEECE80C1BEDAF0A00C5D581 /* Release */,
			);
			defaultConfigurationIsVisible = 0;
			defaultConfigurationName = Release;
		};
		CEECE80D1BEDAF0A00C5D581 /* Build configuration list for PBXNativeTarget "FingTechTests" */ = {
			isa = XCConfigurationList;
			buildConfigurations = (
				CEECE80E1BEDAF0A00C5D581 /* Debug */,
				CEECE80F1BEDAF0A00C5D581 /* Release */,
			);
			defaultConfigurationIsVisible = 0;
			defaultConfigurationName = Release;
		};
		CEECE8101BEDAF0A00C5D581 /* Build configuration list for PBXNativeTarget "FingTechUITests" */ = {
			isa = XCConfigurationList;
			buildConfigurations = (
				CEECE8111BEDAF0A00C5D581 /* Debug */,
				CEECE8121BEDAF0A00C5D581 /* Release */,
			);
			defaultConfigurationIsVisible = 0;
			defaultConfigurationName = Release;
		};
/* End XCConfigurationList section */
	};
	rootObject = CEECE7D81BEDAF0900C5D581 /* Project object */;
}
